
Microsoft Visual Studio Solution File, Format Version 12.00
Project("{FAE04EC0-301F-11D3-BF4B-00C04F79EFBC}") = "ExceptionalBear.Web", "ExceptionalBear.Web\ExceptionalBear.Web.csproj", "{D57CF3C2-DE9A-4BAC-8043-3D45E7BCB266}"
EndProject
Project("{2150E333-8FDC-42A3-9474-1A3956D46DE8}") = "Exceptional.Core", "Exceptional.Core", "{D345627C-F04C-46DC-A92A-16D5A2389285}"
EndProject
Project("{FAE04EC0-301F-11D3-BF4B-00C04F79EFBC}") = "Icebear.Exceptions.Core", "Icebear.Exceptions.Core\Icebear.Exceptions.Core.csproj", "{85F76DC7-E111-4153-BE4F-8807071E827E}"
EndProject
Project("{2150E333-8FDC-42A3-9474-1A3956D46DE8}") = "Tests", "Tests", "{498C6A44-B9FE-4759-AABB-58DFFC3FED52}"
EndProject
Project("{FAE04EC0-301F-11D3-BF4B-00C04F79EFBC}") = "Icebear.Exceptions.Core.Tests", "Icebear.Exceptions.Core.Tests\Icebear.Exceptions.Core.Tests.csproj", "{546662DA-DF79-49F6-A40C-EB57F983477D}"
EndProject
Project("{FAE04EC0-301F-11D3-BF4B-00C04F79EFBC}") = "Icebear.Exceptions.Db.Ef", "Icebear.Exceptions.Db.Ef\Icebear.Exceptions.Db.Ef.csproj", "{F441D3E3-6FB3-48A8-993C-2DD4FE84CDC4}"
EndProject
Project("{FAE04EC0-301F-11D3-BF4B-00C04F79EFBC}") = "Icebear.Exceptions.Db.Ef.Tests", "Tests\Icebear.Exceptions.Db.Ef.Tests\Icebear.Exceptions.Db.Ef.Tests.csproj", "{F571D46B-C4A1-439C-A778-2BFD85444D1E}"
EndProject
Project("{FAE04EC0-301F-11D3-BF4B-00C04F79EFBC}") = "Icebear.Exceptions.Middleware", "Icebear.Exceptions.Middleware\Icebear.Exceptions.Middleware.csproj", "{02BC7D96-5741-45B2-AE62-D9B3F0C7777E}"
EndProject
Global
	GlobalSection(SolutionConfigurationPlatforms) = preSolution
		Debug|Any CPU = Debug|Any CPU
		Release|Any CPU = Release|Any CPU
	EndGlobalSection
	GlobalSection(ProjectConfigurationPlatforms) = postSolution
		{D57CF3C2-DE9A-4BAC-8043-3D45E7BCB266}.Debug|Any CPU.ActiveCfg = Debug|Any CPU
		{D57CF3C2-DE9A-4BAC-8043-3D45E7BCB266}.Debug|Any CPU.Build.0 = Debug|Any CPU
		{D57CF3C2-DE9A-4BAC-8043-3D45E7BCB266}.Release|Any CPU.ActiveCfg = Release|Any CPU
		{D57CF3C2-DE9A-4BAC-8043-3D45E7BCB266}.Release|Any CPU.Build.0 = Release|Any CPU
		{85F76DC7-E111-4153-BE4F-8807071E827E}.Debug|Any CPU.ActiveCfg = Debug|Any CPU
		{85F76DC7-E111-4153-BE4F-8807071E827E}.Debug|Any CPU.Build.0 = Debug|Any CPU
		{85F76DC7-E111-4153-BE4F-8807071E827E}.Release|Any CPU.ActiveCfg = Release|Any CPU
		{85F76DC7-E111-4153-BE4F-8807071E827E}.Release|Any CPU.Build.0 = Release|Any CPU
		{546662DA-DF79-49F6-A40C-EB57F983477D}.Debug|Any CPU.ActiveCfg = Debug|Any CPU
		{546662DA-DF79-49F6-A40C-EB57F983477D}.Debug|Any CPU.Build.0 = Debug|Any CPU
		{546662DA-DF79-49F6-A40C-EB57F983477D}.Release|Any CPU.ActiveCfg = Release|Any CPU
		{546662DA-DF79-49F6-A40C-EB57F983477D}.Release|Any CPU.Build.0 = Release|Any CPU
		{F441D3E3-6FB3-48A8-993C-2DD4FE84CDC4}.Debug|Any CPU.ActiveCfg = Debug|Any CPU
		{F441D3E3-6FB3-48A8-993C-2DD4FE84CDC4}.Debug|Any CPU.Build.0 = Debug|Any CPU
		{F441D3E3-6FB3-48A8-993C-2DD4FE84CDC4}.Release|Any CPU.ActiveCfg = Release|Any CPU
		{F441D3E3-6FB3-48A8-993C-2DD4FE84CDC4}.Release|Any CPU.Build.0 = Release|Any CPU
		{F571D46B-C4A1-439C-A778-2BFD85444D1E}.Debug|Any CPU.ActiveCfg = Debug|Any CPU
		{F571D46B-C4A1-439C-A778-2BFD85444D1E}.Debug|Any CPU.Build.0 = Debug|Any CPU
		{F571D46B-C4A1-439C-A778-2BFD85444D1E}.Release|Any CPU.ActiveCfg = Release|Any CPU
		{F571D46B-C4A1-439C-A778-2BFD85444D1E}.Release|Any CPU.Build.0 = Release|Any CPU
		{02BC7D96-5741-45B2-AE62-D9B3F0C7777E}.Debug|Any CPU.ActiveCfg = Debug|Any CPU
		{02BC7D96-5741-45B2-AE62-D9B3F0C7777E}.Debug|Any CPU.Build.0 = Debug|Any CPU
		{02BC7D96-5741-45B2-AE62-D9B3F0C7777E}.Release|Any CPU.ActiveCfg = Release|Any CPU
		{02BC7D96-5741-45B2-AE62-D9B3F0C7777E}.Release|Any CPU.Build.0 = Release|Any CPU
	EndGlobalSection
	GlobalSection(NestedProjects) = preSolution
		{85F76DC7-E111-4153-BE4F-8807071E827E} = {D345627C-F04C-46DC-A92A-16D5A2389285}
		{498C6A44-B9FE-4759-AABB-58DFFC3FED52} = {D345627C-F04C-46DC-A92A-16D5A2389285}
		{546662DA-DF79-49F6-A40C-EB57F983477D} = {498C6A44-B9FE-4759-AABB-58DFFC3FED52}
		{F441D3E3-6FB3-48A8-993C-2DD4FE84CDC4} = {D345627C-F04C-46DC-A92A-16D5A2389285}
		{F571D46B-C4A1-439C-A778-2BFD85444D1E} = {498C6A44-B9FE-4759-AABB-58DFFC3FED52}
		{02BC7D96-5741-45B2-AE62-D9B3F0C7777E} = {D345627C-F04C-46DC-A92A-16D5A2389285}
	EndGlobalSection
EndGlobal
